
Microsoft Visual Studio Solution File, Format Version 12.00
# Visual Studio Version 16
VisualStudioVersion = 16.0.29709.97
MinimumVisualStudioVersion = 10.0.40219.1
Project("{FAE04EC0-301F-11D3-BF4B-00C04F79EFBC}") = "Application", "Application\Application.csproj", "{4F12993E-9663-4151-A21F-204A634CDA9A}"
	ProjectSection(ProjectDependencies) = postProject
		{A9EC8628-63B7-43E1-86E1-5ACF376C17A0} = {A9EC8628-63B7-43E1-86E1-5ACF376C17A0}
		{59E90678-DC3D-4DCA-8A4D-EC80F71C0EE4} = {59E90678-DC3D-4DCA-8A4D-EC80F71C0EE4}
		{313545E9-AD56-4A23-9E56-40596909C33E} = {313545E9-AD56-4A23-9E56-40596909C33E}
	EndProjectSection
EndProject
Project("{FAE04EC0-301F-11D3-BF4B-00C04F79EFBC}") = "InMemory", "Persistent\InMemory.csproj", "{20DDEFA8-3994-4D03-AA09-18F8F2E079A0}"
EndProject
Project("{FAE04EC0-301F-11D3-BF4B-00C04F79EFBC}") = "Interfaces", "Interfaces\Interfaces.csproj", "{A9EC8628-63B7-43E1-86E1-5ACF376C17A0}"
	ProjectSection(ProjectDependencies) = postProject
		{59E90678-DC3D-4DCA-8A4D-EC80F71C0EE4} = {59E90678-DC3D-4DCA-8A4D-EC80F71C0EE4}
	EndProjectSection
EndProject
Project("{FAE04EC0-301F-11D3-BF4B-00C04F79EFBC}") = "ViewModel", "ViewModel\ViewModel.csproj", "{313545E9-AD56-4A23-9E56-40596909C33E}"
	ProjectSection(ProjectDependencies) = postProject
		{59E90678-DC3D-4DCA-8A4D-EC80F71C0EE4} = {59E90678-DC3D-4DCA-8A4D-EC80F71C0EE4}
		{484FB0BB-513B-49E4-AE23-AC589C2D443B} = {484FB0BB-513B-49E4-AE23-AC589C2D443B}
	EndProjectSection
EndProject
Project("{FAE04EC0-301F-11D3-BF4B-00C04F79EFBC}") = "Core", "Core\Core.csproj", "{59E90678-DC3D-4DCA-8A4D-EC80F71C0EE4}"
EndProject
Project("{2150E333-8FDC-42A3-9474-1A3956D46DE8}") = "Persist", "Persist", "{9691A980-F707-4C28-902D-287C9AAF48F7}"
EndProject
Project("{FAE04EC0-301F-11D3-BF4B-00C04F79EFBC}") = "AnotherInMemoryRepository", "AnotherInMemoryRepository\AnotherInMemoryRepository.csproj", "{6D7134F1-72D5-4403-81B2-0973E12DCD6E}"
EndProject
Project("{FAE04EC0-301F-11D3-BF4B-00C04F79EFBC}") = "BusinessLogic", "BusinessLogic\BusinessLogic.csproj", "{484FB0BB-513B-49E4-AE23-AC589C2D443B}"
EndProject
Global
	GlobalSection(SolutionConfigurationPlatforms) = preSolution
		Debug|Any CPU = Debug|Any CPU
		Release|Any CPU = Release|Any CPU
	EndGlobalSection
	GlobalSection(ProjectConfigurationPlatforms) = postSolution
		{4F12993E-9663-4151-A21F-204A634CDA9A}.Debug|Any CPU.ActiveCfg = Debug|Any CPU
		{4F12993E-9663-4151-A21F-204A634CDA9A}.Debug|Any CPU.Build.0 = Debug|Any CPU
		{4F12993E-9663-4151-A21F-204A634CDA9A}.Release|Any CPU.ActiveCfg = Release|Any CPU
		{4F12993E-9663-4151-A21F-204A634CDA9A}.Release|Any CPU.Build.0 = Release|Any CPU
		{20DDEFA8-3994-4D03-AA09-18F8F2E079A0}.Debug|Any CPU.ActiveCfg = Debug|Any CPU
		{20DDEFA8-3994-4D03-AA09-18F8F2E079A0}.Debug|Any CPU.Build.0 = Debug|Any CPU
		{20DDEFA8-3994-4D03-AA09-18F8F2E079A0}.Release|Any CPU.ActiveCfg = Release|Any CPU
		{20DDEFA8-3994-4D03-AA09-18F8F2E079A0}.Release|Any CPU.Build.0 = Release|Any CPU
		{A9EC8628-63B7-43E1-86E1-5ACF376C17A0}.Debug|Any CPU.ActiveCfg = Debug|Any CPU
		{A9EC8628-63B7-43E1-86E1-5ACF376C17A0}.Debug|Any CPU.Build.0 = Debug|Any CPU
		{A9EC8628-63B7-43E1-86E1-5ACF376C17A0}.Release|Any CPU.ActiveCfg = Release|Any CPU
		{A9EC8628-63B7-43E1-86E1-5ACF376C17A0}.Release|Any CPU.Build.0 = Release|Any CPU
		{313545E9-AD56-4A23-9E56-40596909C33E}.Debug|Any CPU.ActiveCfg = Debug|Any CPU
		{313545E9-AD56-4A23-9E56-40596909C33E}.Debug|Any CPU.Build.0 = Debug|Any CPU
		{313545E9-AD56-4A23-9E56-40596909C33E}.Release|Any CPU.ActiveCfg = Release|Any CPU
		{313545E9-AD56-4A23-9E56-40596909C33E}.Release|Any CPU.Build.0 = Release|Any CPU
		{59E90678-DC3D-4DCA-8A4D-EC80F71C0EE4}.Debug|Any CPU.ActiveCfg = Debug|Any CPU
		{59E90678-DC3D-4DCA-8A4D-EC80F71C0EE4}.Debug|Any CPU.Build.0 = Debug|Any CPU
		{59E90678-DC3D-4DCA-8A4D-EC80F71C0EE4}.Release|Any CPU.ActiveCfg = Release|Any CPU
		{59E90678-DC3D-4DCA-8A4D-EC80F71C0EE4}.Release|Any CPU.Build.0 = Release|Any CPU
		{6D7134F1-72D5-4403-81B2-0973E12DCD6E}.Debug|Any CPU.ActiveCfg = Debug|Any CPU
		{6D7134F1-72D5-4403-81B2-0973E12DCD6E}.Debug|Any CPU.Build.0 = Debug|Any CPU
		{6D7134F1-72D5-4403-81B2-0973E12DCD6E}.Release|Any CPU.ActiveCfg = Release|Any CPU
		{6D7134F1-72D5-4403-81B2-0973E12DCD6E}.Release|Any CPU.Build.0 = Release|Any CPU
		{484FB0BB-513B-49E4-AE23-AC589C2D443B}.Debug|Any CPU.ActiveCfg = Debug|Any CPU
		{484FB0BB-513B-49E4-AE23-AC589C2D443B}.Debug|Any CPU.Build.0 = Debug|Any CPU
		{484FB0BB-513B-49E4-AE23-AC589C2D443B}.Release|Any CPU.ActiveCfg = Release|Any CPU
		{484FB0BB-513B-49E4-AE23-AC589C2D443B}.Release|Any CPU.Build.0 = Release|Any CPU
	EndGlobalSection
	GlobalSection(SolutionProperties) = preSolution
		HideSolutionNode = FALSE
	EndGlobalSection
	GlobalSection(NestedProjects) = preSolution
		{20DDEFA8-3994-4D03-AA09-18F8F2E079A0} = {9691A980-F707-4C28-902D-287C9AAF48F7}
		{6D7134F1-72D5-4403-81B2-0973E12DCD6E} = {9691A980-F707-4C28-902D-287C9AAF48F7}
	EndGlobalSection
	GlobalSection(ExtensibilityGlobals) = postSolution
		SolutionGuid = {36B57540-E990-459F-9CA7-81F54E636B46}
	EndGlobalSection
EndGlobal
