
Microsoft Visual Studio Solution File, Format Version 12.00
# Visual Studio Version 16
VisualStudioVersion = 16.0.29709.97
MinimumVisualStudioVersion = 10.0.40219.1
Project("{FAE04EC0-301F-11D3-BF4B-00C04F79EFBC}") = "Application", "Application\Application.csproj", "{4F12993E-9663-4151-A21F-204A634CDA9A}"
	ProjectSection(ProjectDependencies) = postProject
		{A9EC8628-63B7-43E1-86E1-5ACF376C17A0} = {A9EC8628-63B7-43E1-86E1-5ACF376C17A0}
		{313545E9-AD56-4A23-9E56-40596909C33E} = {313545E9-AD56-4A23-9E56-40596909C33E}
	EndProjectSection
EndProject
Project("{FAE04EC0-301F-11D3-BF4B-00C04F79EFBC}") = "Logic", "Logic\Logic.csproj", "{F2B65B49-01FB-4067-B2BB-92FF855720E7}"
EndProject
Project("{FAE04EC0-301F-11D3-BF4B-00C04F79EFBC}") = "Persistent", "Persistent\Persistent.csproj", "{20DDEFA8-3994-4D03-AA09-18F8F2E079A0}"
EndProject
Project("{FAE04EC0-301F-11D3-BF4B-00C04F79EFBC}") = "Interfaces", "Interfaces\Interfaces.csproj", "{A9EC8628-63B7-43E1-86E1-5ACF376C17A0}"
EndProject
Project("{FAE04EC0-301F-11D3-BF4B-00C04F79EFBC}") = "ViewModel", "ViewModel\ViewModel.csproj", "{313545E9-AD56-4A23-9E56-40596909C33E}"
EndProject
Global
	GlobalSection(SolutionConfigurationPlatforms) = preSolution
		Debug|Any CPU = Debug|Any CPU
		Release|Any CPU = Release|Any CPU
	EndGlobalSection
	GlobalSection(ProjectConfigurationPlatforms) = postSolution
		{4F12993E-9663-4151-A21F-204A634CDA9A}.Debug|Any CPU.ActiveCfg = Debug|Any CPU
		{4F12993E-9663-4151-A21F-204A634CDA9A}.Debug|Any CPU.Build.0 = Debug|Any CPU
		{4F12993E-9663-4151-A21F-204A634CDA9A}.Release|Any CPU.ActiveCfg = Release|Any CPU
		{4F12993E-9663-4151-A21F-204A634CDA9A}.Release|Any CPU.Build.0 = Release|Any CPU
		{F2B65B49-01FB-4067-B2BB-92FF855720E7}.Debug|Any CPU.ActiveCfg = Debug|Any CPU
		{F2B65B49-01FB-4067-B2BB-92FF855720E7}.Debug|Any CPU.Build.0 = Debug|Any CPU
		{F2B65B49-01FB-4067-B2BB-92FF855720E7}.Release|Any CPU.ActiveCfg = Release|Any CPU
		{F2B65B49-01FB-4067-B2BB-92FF855720E7}.Release|Any CPU.Build.0 = Release|Any CPU
		{20DDEFA8-3994-4D03-AA09-18F8F2E079A0}.Debug|Any CPU.ActiveCfg = Debug|Any CPU
		{20DDEFA8-3994-4D03-AA09-18F8F2E079A0}.Debug|Any CPU.Build.0 = Debug|Any CPU
		{20DDEFA8-3994-4D03-AA09-18F8F2E079A0}.Release|Any CPU.ActiveCfg = Release|Any CPU
		{20DDEFA8-3994-4D03-AA09-18F8F2E079A0}.Release|Any CPU.Build.0 = Release|Any CPU
		{A9EC8628-63B7-43E1-86E1-5ACF376C17A0}.Debug|Any CPU.ActiveCfg = Debug|Any CPU
		{A9EC8628-63B7-43E1-86E1-5ACF376C17A0}.Debug|Any CPU.Build.0 = Debug|Any CPU
		{A9EC8628-63B7-43E1-86E1-5ACF376C17A0}.Release|Any CPU.ActiveCfg = Release|Any CPU
		{A9EC8628-63B7-43E1-86E1-5ACF376C17A0}.Release|Any CPU.Build.0 = Release|Any CPU
		{313545E9-AD56-4A23-9E56-40596909C33E}.Debug|Any CPU.ActiveCfg = Debug|Any CPU
		{313545E9-AD56-4A23-9E56-40596909C33E}.Debug|Any CPU.Build.0 = Debug|Any CPU
		{313545E9-AD56-4A23-9E56-40596909C33E}.Release|Any CPU.ActiveCfg = Release|Any CPU
		{313545E9-AD56-4A23-9E56-40596909C33E}.Release|Any CPU.Build.0 = Release|Any CPU
	EndGlobalSection
	GlobalSection(SolutionProperties) = preSolution
		HideSolutionNode = FALSE
	EndGlobalSection
	GlobalSection(ExtensibilityGlobals) = postSolution
		SolutionGuid = {36B57540-E990-459F-9CA7-81F54E636B46}
	EndGlobalSection
EndGlobal
